
Microsoft Visual Studio Solution File, Format Version 12.00
# Visual Studio Version 17
VisualStudioVersion = 17.1.32414.318
MinimumVisualStudioVersion = 10.0.40219.1
Project("{FAE04EC0-301F-11D3-BF4B-00C04F79EFBC}") = "FlyffUniverseLauncher", "FlyffUniverseLauncher\FlyffUniverseLauncher.csproj", "{689414FF-01E3-41F8-9BDB-B3266F08FD8E}"
EndProject
Global
	GlobalSection(SolutionConfigurationPlatforms) = preSolution
		Debug|Any CPU = Debug|Any CPU
		Release|Any CPU = Release|Any CPU
	EndGlobalSection
	GlobalSection(ProjectConfigurationPlatforms) = postSolution
		{689414FF-01E3-41F8-9BDB-B3266F08FD8E}.Debug|Any CPU.ActiveCfg = Debug|Any CPU
		{689414FF-01E3-41F8-9BDB-B3266F08FD8E}.Debug|Any CPU.Build.0 = Debug|Any CPU
		{689414FF-01E3-41F8-9BDB-B3266F08FD8E}.Release|Any CPU.ActiveCfg = Release|Any CPU
		{689414FF-01E3-41F8-9BDB-B3266F08FD8E}.Release|Any CPU.Build.0 = Release|Any CPU
	EndGlobalSection
	GlobalSection(SolutionProperties) = preSolution
		HideSolutionNode = FALSE
	EndGlobalSection
	GlobalSection(ExtensibilityGlobals) = postSolution
		SolutionGuid = {7F85A561-FFCE-4BA7-B7A3-4E63E3788E03}
	EndGlobalSection
EndGlobal
